
Microsoft Visual Studio Solution File, Format Version 12.00
# Visual Studio Version 16
VisualStudioVersion = 16.0.30114.105
MinimumVisualStudioVersion = 10.0.40219.1
Project("{8BC9CEB8-8B4A-11D0-8D11-00A0C91BC942}") = "Sandbox", "Sandbox\Sandbox.vcxproj", "{2DC0530B-DC79-460B-B037-7E0276B4AC47}"
EndProject
Project("{8BC9CEB8-8B4A-11D0-8D11-00A0C91BC942}") = "GameEngine", "GameEngine\GameEngine.vcxproj", "{1A572F45-9421-4151-BA38-9B8AEF820E63}"
EndProject
Global
	GlobalSection(SolutionConfigurationPlatforms) = preSolution
		Debug|x64 = Debug|x64
		Release|x64 = Release|x64
	EndGlobalSection
	GlobalSection(ProjectConfigurationPlatforms) = postSolution
		{1A572F45-9421-4151-BA38-9B8AEF820E63}.Debug|x64.ActiveCfg = Debug|x64
		{1A572F45-9421-4151-BA38-9B8AEF820E63}.Debug|x64.Build.0 = Debug|x64
		{1A572F45-9421-4151-BA38-9B8AEF820E63}.Release|x64.ActiveCfg = Release|x64
		{1A572F45-9421-4151-BA38-9B8AEF820E63}.Release|x64.Build.0 = Release|x64
		{2DC0530B-DC79-460B-B037-7E0276B4AC47}.Debug|x64.ActiveCfg = Debug|x64
		{2DC0530B-DC79-460B-B037-7E0276B4AC47}.Debug|x64.Build.0 = Debug|x64
		{2DC0530B-DC79-460B-B037-7E0276B4AC47}.Release|x64.ActiveCfg = Release|x64
		{2DC0530B-DC79-460B-B037-7E0276B4AC47}.Release|x64.Build.0 = Release|x64
	EndGlobalSection
	GlobalSection(SolutionProperties) = preSolution
		HideSolutionNode = FALSE
	EndGlobalSection
	GlobalSection(ExtensibilityGlobals) = postSolution
		SolutionGuid = {84A51E21-CCDC-49BC-B0C8-70CBC0FBF25E}
	EndGlobalSection
EndGlobal
